
Microsoft Visual Studio Solution File, Format Version 12.00
# Visual Studio Version 17
VisualStudioVersion = 17.13.35825.156 d17.13
MinimumVisualStudioVersion = 10.0.40219.1
Project("{FAE04EC0-301F-11D3-BF4B-00C04F79EFBC}") = "thr pbo", "thr pbo\thr pbo.csproj", "{ABA930CE-C132-4D89-B7DB-9CF7B8849B48}"
EndProject
Global
	GlobalSection(SolutionConfigurationPlatforms) = preSolution
		Debug|Any CPU = Debug|Any CPU
		Release|Any CPU = Release|Any CPU
	EndGlobalSection
	GlobalSection(ProjectConfigurationPlatforms) = postSolution
		{ABA930CE-C132-4D89-B7DB-9CF7B8849B48}.Debug|Any CPU.ActiveCfg = Debug|Any CPU
		{ABA930CE-C132-4D89-B7DB-9CF7B8849B48}.Debug|Any CPU.Build.0 = Debug|Any CPU
		{ABA930CE-C132-4D89-B7DB-9CF7B8849B48}.Release|Any CPU.ActiveCfg = Release|Any CPU
		{ABA930CE-C132-4D89-B7DB-9CF7B8849B48}.Release|Any CPU.Build.0 = Release|Any CPU
	EndGlobalSection
	GlobalSection(SolutionProperties) = preSolution
		HideSolutionNode = FALSE
	EndGlobalSection
	GlobalSection(ExtensibilityGlobals) = postSolution
		SolutionGuid = {9F12AC1A-2AF2-4CAA-B37A-9A7571784858}
	EndGlobalSection
EndGlobal
